lockfileVersion: 5.4

importers:

  ../../.local/share/pnpm/store/v3/tmp/dlx-15092:
    specifiers:
      changeset: ^0.2.6
    dependencies:
      changeset: 0.2.6

packages:

  /changeset/0.2.6:
    resolution: {integrity: sha512-d21ym9zLPOKMVhIa8ulJo5IV3QR2NNdK6BWuwg48qJA0XSQaMeDjo1UGThcTn7YDmU08j3UpKyFNvb3zplk8mw==}
    dependencies:
      udc: 1.0.1
      underscore: 1.13.3
    dev: false

  /udc/1.0.1:
    resolution: {integrity: sha1-xeYkSKzzXqpSTVw2mMhjpbrEa/w=}
    dev: false

  /underscore/1.13.3:
    resolution: {integrity: sha512-QvjkYpiD+dJJraRA8+dGAU4i7aBbb2s0S3jA45TFOvg2VgqvdCDd/3N6CqA8gluk1W91GLoXg5enMUx560QzuA==}
    dev: false
